
Microsoft Visual Studio Solution File, Format Version 12.00
# Visual Studio 2013
VisualStudioVersion = 12.0.30501.0
MinimumVisualStudioVersion = 10.0.40219.1
Project("{2150E333-8FDC-42A3-9474-1A3956D46DE8}") = "New", "New", "{4F5170DB-0860-4E75-BEFB-3C70ECBA309F}"
EndProject
Project("{FAE04EC0-301F-11D3-BF4B-00C04F79EFBC}") = "ETS.Core", "..\..\ETS.Core\ETS.Core.csproj", "{BBA67A86-AFD6-46F2-BBD9-5DFB5BFDAFE2}"
EndProject
Project("{FAE04EC0-301F-11D3-BF4B-00C04F79EFBC}") = "Ets.Dao", "..\..\Ets.Dao\Ets.Dao.csproj", "{DD95FA95-B979-4802-8F79-B08D35939F4E}"
EndProject
Project("{FAE04EC0-301F-11D3-BF4B-00C04F79EFBC}") = "ETS.Data", "..\..\ETS.Data\ETS.Data.csproj", "{BE8B43E2-DF1E-4BFD-B4EF-63E3E0F53EA2}"
EndProject
Project("{FAE04EC0-301F-11D3-BF4B-00C04F79EFBC}") = "Ets.Model", "..\..\Ets.Model\Ets.Model.csproj", "{B9D2361D-7E2C-45BA-89EC-4ECA1BF7C456}"
EndProject
Project("{FAE04EC0-301F-11D3-BF4B-00C04F79EFBC}") = "Ets.Service.IProvider", "..\..\Ets.Service.IProvider\Ets.Service.IProvider.csproj", "{73FF8127-9703-4D8C-BD1C-4190A926A5BA}"
EndProject
Project("{FAE04EC0-301F-11D3-BF4B-00C04F79EFBC}") = "Ets.Service.Provider", "..\..\Ets.Service.Provider\Ets.Service.Provider.csproj", "{61C59E53-67C8-44FE-B0AD-1E9025D7E568}"
EndProject
Project("{FAE04EC0-301F-11D3-BF4B-00C04F79EFBC}") = "Ets.TimeSubsidies", "Ets.TimeSubsidies\Ets.TimeSubsidies.csproj", "{2E6C38F9-7B79-45BB-A623-AB8238B6AB28}"
EndProject
Global
	GlobalSection(SolutionConfigurationPlatforms) = preSolution
		Debug|Any CPU = Debug|Any CPU
		Debug|Mixed Platforms = Debug|Mixed Platforms
		Debug|Win32 = Debug|Win32
		Debug|x86 = Debug|x86
		Release|Any CPU = Release|Any CPU
		Release|Mixed Platforms = Release|Mixed Platforms
		Release|Win32 = Release|Win32
		Release|x86 = Release|x86
	EndGlobalSection
	GlobalSection(ProjectConfigurationPlatforms) = postSolution
		{BBA67A86-AFD6-46F2-BBD9-5DFB5BFDAFE2}.Debug|Any CPU.ActiveCfg = Debug|Any CPU
		{BBA67A86-AFD6-46F2-BBD9-5DFB5BFDAFE2}.Debug|Any CPU.Build.0 = Debug|Any CPU
		{BBA67A86-AFD6-46F2-BBD9-5DFB5BFDAFE2}.Debug|Mixed Platforms.ActiveCfg = Debug|Any CPU
		{BBA67A86-AFD6-46F2-BBD9-5DFB5BFDAFE2}.Debug|Mixed Platforms.Build.0 = Debug|Any CPU
		{BBA67A86-AFD6-46F2-BBD9-5DFB5BFDAFE2}.Debug|Win32.ActiveCfg = Debug|Any CPU
		{BBA67A86-AFD6-46F2-BBD9-5DFB5BFDAFE2}.Debug|x86.ActiveCfg = Debug|Any CPU
		{BBA67A86-AFD6-46F2-BBD9-5DFB5BFDAFE2}.Release|Any CPU.ActiveCfg = Release|Any CPU
		{BBA67A86-AFD6-46F2-BBD9-5DFB5BFDAFE2}.Release|Any CPU.Build.0 = Release|Any CPU
		{BBA67A86-AFD6-46F2-BBD9-5DFB5BFDAFE2}.Release|Mixed Platforms.ActiveCfg = Release|Any CPU
		{BBA67A86-AFD6-46F2-BBD9-5DFB5BFDAFE2}.Release|Mixed Platforms.Build.0 = Release|Any CPU
		{BBA67A86-AFD6-46F2-BBD9-5DFB5BFDAFE2}.Release|Win32.ActiveCfg = Release|Any CPU
		{BBA67A86-AFD6-46F2-BBD9-5DFB5BFDAFE2}.Release|x86.ActiveCfg = Release|Any CPU
		{DD95FA95-B979-4802-8F79-B08D35939F4E}.Debug|Any CPU.ActiveCfg = Debug|Any CPU
		{DD95FA95-B979-4802-8F79-B08D35939F4E}.Debug|Any CPU.Build.0 = Debug|Any CPU
		{DD95FA95-B979-4802-8F79-B08D35939F4E}.Debug|Mixed Platforms.ActiveCfg = Debug|Any CPU
		{DD95FA95-B979-4802-8F79-B08D35939F4E}.Debug|Mixed Platforms.Build.0 = Debug|Any CPU
		{DD95FA95-B979-4802-8F79-B08D35939F4E}.Debug|Win32.ActiveCfg = Debug|Any CPU
		{DD95FA95-B979-4802-8F79-B08D35939F4E}.Debug|x86.ActiveCfg = Debug|Any CPU
		{DD95FA95-B979-4802-8F79-B08D35939F4E}.Release|Any CPU.ActiveCfg = Release|Any CPU
		{DD95FA95-B979-4802-8F79-B08D35939F4E}.Release|Any CPU.Build.0 = Release|Any CPU
		{DD95FA95-B979-4802-8F79-B08D35939F4E}.Release|Mixed Platforms.ActiveCfg = Release|Any CPU
		{DD95FA95-B979-4802-8F79-B08D35939F4E}.Release|Mixed Platforms.Build.0 = Release|Any CPU
		{DD95FA95-B979-4802-8F79-B08D35939F4E}.Release|Win32.ActiveCfg = Release|Any CPU
		{DD95FA95-B979-4802-8F79-B08D35939F4E}.Release|x86.ActiveCfg = Release|Any CPU
		{BE8B43E2-DF1E-4BFD-B4EF-63E3E0F53EA2}.Debug|Any CPU.ActiveCfg = Debug|Any CPU
		{BE8B43E2-DF1E-4BFD-B4EF-63E3E0F53EA2}.Debug|Any CPU.Build.0 = Debug|Any CPU
		{BE8B43E2-DF1E-4BFD-B4EF-63E3E0F53EA2}.Debug|Mixed Platforms.ActiveCfg = Debug|Any CPU
		{BE8B43E2-DF1E-4BFD-B4EF-63E3E0F53EA2}.Debug|Mixed Platforms.Build.0 = Debug|Any CPU
		{BE8B43E2-DF1E-4BFD-B4EF-63E3E0F53EA2}.Debug|Win32.ActiveCfg = Debug|Any CPU
		{BE8B43E2-DF1E-4BFD-B4EF-63E3E0F53EA2}.Debug|x86.ActiveCfg = Debug|Any CPU
		{BE8B43E2-DF1E-4BFD-B4EF-63E3E0F53EA2}.Release|Any CPU.ActiveCfg = Release|Any CPU
		{BE8B43E2-DF1E-4BFD-B4EF-63E3E0F53EA2}.Release|Any CPU.Build.0 = Release|Any CPU
		{BE8B43E2-DF1E-4BFD-B4EF-63E3E0F53EA2}.Release|Mixed Platforms.ActiveCfg = Release|Any CPU
		{BE8B43E2-DF1E-4BFD-B4EF-63E3E0F53EA2}.Release|Mixed Platforms.Build.0 = Release|Any CPU
		{BE8B43E2-DF1E-4BFD-B4EF-63E3E0F53EA2}.Release|Win32.ActiveCfg = Release|Any CPU
		{BE8B43E2-DF1E-4BFD-B4EF-63E3E0F53EA2}.Release|x86.ActiveCfg = Release|Any CPU
		{B9D2361D-7E2C-45BA-89EC-4ECA1BF7C456}.Debug|Any CPU.ActiveCfg = Debug|Any CPU
		{B9D2361D-7E2C-45BA-89EC-4ECA1BF7C456}.Debug|Any CPU.Build.0 = Debug|Any CPU
		{B9D2361D-7E2C-45BA-89EC-4ECA1BF7C456}.Debug|Mixed Platforms.ActiveCfg = Debug|Any CPU
		{B9D2361D-7E2C-45BA-89EC-4ECA1BF7C456}.Debug|Mixed Platforms.Build.0 = Debug|Any CPU
		{B9D2361D-7E2C-45BA-89EC-4ECA1BF7C456}.Debug|Win32.ActiveCfg = Debug|Any CPU
		{B9D2361D-7E2C-45BA-89EC-4ECA1BF7C456}.Debug|x86.ActiveCfg = Debug|Any CPU
		{B9D2361D-7E2C-45BA-89EC-4ECA1BF7C456}.Release|Any CPU.ActiveCfg = Release|Any CPU
		{B9D2361D-7E2C-45BA-89EC-4ECA1BF7C456}.Release|Any CPU.Build.0 = Release|Any CPU
		{B9D2361D-7E2C-45BA-89EC-4ECA1BF7C456}.Release|Mixed Platforms.ActiveCfg = Release|Any CPU
		{B9D2361D-7E2C-45BA-89EC-4ECA1BF7C456}.Release|Mixed Platforms.Build.0 = Release|Any CPU
		{B9D2361D-7E2C-45BA-89EC-4ECA1BF7C456}.Release|Win32.ActiveCfg = Release|Any CPU
		{B9D2361D-7E2C-45BA-89EC-4ECA1BF7C456}.Release|x86.ActiveCfg = Release|Any CPU
		{73FF8127-9703-4D8C-BD1C-4190A926A5BA}.Debug|Any CPU.ActiveCfg = Debug|Any CPU
		{73FF8127-9703-4D8C-BD1C-4190A926A5BA}.Debug|Any CPU.Build.0 = Debug|Any CPU
		{73FF8127-9703-4D8C-BD1C-4190A926A5BA}.Debug|Mixed Platforms.ActiveCfg = Debug|Any CPU
		{73FF8127-9703-4D8C-BD1C-4190A926A5BA}.Debug|Mixed Platforms.Build.0 = Debug|Any CPU
		{73FF8127-9703-4D8C-BD1C-4190A926A5BA}.Debug|Win32.ActiveCfg = Debug|Any CPU
		{73FF8127-9703-4D8C-BD1C-4190A926A5BA}.Debug|x86.ActiveCfg = Debug|Any CPU
		{73FF8127-9703-4D8C-BD1C-4190A926A5BA}.Release|Any CPU.ActiveCfg = Release|Any CPU
		{73FF8127-9703-4D8C-BD1C-4190A926A5BA}.Release|Any CPU.Build.0 = Release|Any CPU
		{73FF8127-9703-4D8C-BD1C-4190A926A5BA}.Release|Mixed Platforms.ActiveCfg = Release|Any CPU
		{73FF8127-9703-4D8C-BD1C-4190A926A5BA}.Release|Mixed Platforms.Build.0 = Release|Any CPU
		{73FF8127-9703-4D8C-BD1C-4190A926A5BA}.Release|Win32.ActiveCfg = Release|Any CPU
		{73FF8127-9703-4D8C-BD1C-4190A926A5BA}.Release|x86.ActiveCfg = Release|Any CPU
		{61C59E53-67C8-44FE-B0AD-1E9025D7E568}.Debug|Any CPU.ActiveCfg = Debug|Any CPU
		{61C59E53-67C8-44FE-B0AD-1E9025D7E568}.Debug|Any CPU.Build.0 = Debug|Any CPU
		{61C59E53-67C8-44FE-B0AD-1E9025D7E568}.Debug|Mixed Platforms.ActiveCfg = Debug|Any CPU
		{61C59E53-67C8-44FE-B0AD-1E9025D7E568}.Debug|Mixed Platforms.Build.0 = Debug|Any CPU
		{61C59E53-67C8-44FE-B0AD-1E9025D7E568}.Debug|Win32.ActiveCfg = Debug|Any CPU
		{61C59E53-67C8-44FE-B0AD-1E9025D7E568}.Debug|x86.ActiveCfg = Debug|Any CPU
		{61C59E53-67C8-44FE-B0AD-1E9025D7E568}.Release|Any CPU.ActiveCfg = Release|Any CPU
		{61C59E53-67C8-44FE-B0AD-1E9025D7E568}.Release|Any CPU.Build.0 = Release|Any CPU
		{61C59E53-67C8-44FE-B0AD-1E9025D7E568}.Release|Mixed Platforms.ActiveCfg = Release|Any CPU
		{61C59E53-67C8-44FE-B0AD-1E9025D7E568}.Release|Mixed Platforms.Build.0 = Release|Any CPU
		{61C59E53-67C8-44FE-B0AD-1E9025D7E568}.Release|Win32.ActiveCfg = Release|Any CPU
		{61C59E53-67C8-44FE-B0AD-1E9025D7E568}.Release|x86.ActiveCfg = Release|Any CPU
		{2E6C38F9-7B79-45BB-A623-AB8238B6AB28}.Debug|Any CPU.ActiveCfg = Debug|Any CPU
		{2E6C38F9-7B79-45BB-A623-AB8238B6AB28}.Debug|Any CPU.Build.0 = Debug|Any CPU
		{2E6C38F9-7B79-45BB-A623-AB8238B6AB28}.Debug|Mixed Platforms.ActiveCfg = Debug|Any CPU
		{2E6C38F9-7B79-45BB-A623-AB8238B6AB28}.Debug|Mixed Platforms.Build.0 = Debug|Any CPU
		{2E6C38F9-7B79-45BB-A623-AB8238B6AB28}.Debug|Win32.ActiveCfg = Debug|Any CPU
		{2E6C38F9-7B79-45BB-A623-AB8238B6AB28}.Debug|x86.ActiveCfg = Debug|Any CPU
		{2E6C38F9-7B79-45BB-A623-AB8238B6AB28}.Release|Any CPU.ActiveCfg = Release|Any CPU
		{2E6C38F9-7B79-45BB-A623-AB8238B6AB28}.Release|Any CPU.Build.0 = Release|Any CPU
		{2E6C38F9-7B79-45BB-A623-AB8238B6AB28}.Release|Mixed Platforms.ActiveCfg = Release|Any CPU
		{2E6C38F9-7B79-45BB-A623-AB8238B6AB28}.Release|Mixed Platforms.Build.0 = Release|Any CPU
		{2E6C38F9-7B79-45BB-A623-AB8238B6AB28}.Release|Win32.ActiveCfg = Release|Any CPU
		{2E6C38F9-7B79-45BB-A623-AB8238B6AB28}.Release|x86.ActiveCfg = Release|Any CPU
	EndGlobalSection
	GlobalSection(SolutionProperties) = preSolution
		HideSolutionNode = FALSE
	EndGlobalSection
	GlobalSection(NestedProjects) = preSolution
		{BBA67A86-AFD6-46F2-BBD9-5DFB5BFDAFE2} = {4F5170DB-0860-4E75-BEFB-3C70ECBA309F}
		{DD95FA95-B979-4802-8F79-B08D35939F4E} = {4F5170DB-0860-4E75-BEFB-3C70ECBA309F}
		{BE8B43E2-DF1E-4BFD-B4EF-63E3E0F53EA2} = {4F5170DB-0860-4E75-BEFB-3C70ECBA309F}
		{B9D2361D-7E2C-45BA-89EC-4ECA1BF7C456} = {4F5170DB-0860-4E75-BEFB-3C70ECBA309F}
		{73FF8127-9703-4D8C-BD1C-4190A926A5BA} = {4F5170DB-0860-4E75-BEFB-3C70ECBA309F}
		{61C59E53-67C8-44FE-B0AD-1E9025D7E568} = {4F5170DB-0860-4E75-BEFB-3C70ECBA309F}
	EndGlobalSection
	GlobalSection(TestCaseManagementSettings) = postSolution
		CategoryFile = TaskPlatform3.vsmdi
	EndGlobalSection
EndGlobal
